
Microsoft Visual Studio Solution File, Format Version 12.00
# Visual Studio Version 17
VisualStudioVersion = 17.10.35027.167
MinimumVisualStudioVersion = 10.0.40219.1
Project("{FAE04EC0-301F-11D3-BF4B-00C04F79EFBC}") = "Lab2IndividualTask", "Lab2IndividualTask\Lab2IndividualTask.csproj", "{03ECA888-446E-416B-BF3C-33C6FAB9D628}"
EndProject
Global
	GlobalSection(SolutionConfigurationPlatforms) = preSolution
		Debug|Any CPU = Debug|Any CPU
		Release|Any CPU = Release|Any CPU
	EndGlobalSection
	GlobalSection(ProjectConfigurationPlatforms) = postSolution
		{03ECA888-446E-416B-BF3C-33C6FAB9D628}.Debug|Any CPU.ActiveCfg = Debug|Any CPU
		{03ECA888-446E-416B-BF3C-33C6FAB9D628}.Debug|Any CPU.Build.0 = Debug|Any CPU
		{03ECA888-446E-416B-BF3C-33C6FAB9D628}.Debug|Any CPU.Deploy.0 = Debug|Any CPU
		{03ECA888-446E-416B-BF3C-33C6FAB9D628}.Release|Any CPU.ActiveCfg = Release|Any CPU
		{03ECA888-446E-416B-BF3C-33C6FAB9D628}.Release|Any CPU.Build.0 = Release|Any CPU
		{03ECA888-446E-416B-BF3C-33C6FAB9D628}.Release|Any CPU.Deploy.0 = Release|Any CPU
	EndGlobalSection
	GlobalSection(SolutionProperties) = preSolution
		HideSolutionNode = FALSE
	EndGlobalSection
	GlobalSection(ExtensibilityGlobals) = postSolution
		SolutionGuid = {DD864A26-D1BF-4767-8B14-7C77AD534287}
	EndGlobalSection
EndGlobal
